
Microsoft Visual Studio Solution File, Format Version 12.00
# Visual Studio Version 16
VisualStudioVersion = 16.0.31129.286
MinimumVisualStudioVersion = 10.0.40219.1
Project("{FAE04EC0-301F-11D3-BF4B-00C04F79EFBC}") = "grapple_ui", "grapple_ui\grapple_ui.csproj", "{A1859BE6-826F-415C-8615-9FC92B3A9F1D}"
EndProject
Global
	GlobalSection(SolutionConfigurationPlatforms) = preSolution
		Debug|Any CPU = Debug|Any CPU
		Release|Any CPU = Release|Any CPU
	EndGlobalSection
	GlobalSection(ProjectConfigurationPlatforms) = postSolution
		{A1859BE6-826F-415C-8615-9FC92B3A9F1D}.Debug|Any CPU.ActiveCfg = Debug|Any CPU
		{A1859BE6-826F-415C-8615-9FC92B3A9F1D}.Debug|Any CPU.Build.0 = Debug|Any CPU
		{A1859BE6-826F-415C-8615-9FC92B3A9F1D}.Release|Any CPU.ActiveCfg = Release|Any CPU
		{A1859BE6-826F-415C-8615-9FC92B3A9F1D}.Release|Any CPU.Build.0 = Release|Any CPU
	EndGlobalSection
	GlobalSection(SolutionProperties) = preSolution
		HideSolutionNode = FALSE
	EndGlobalSection
	GlobalSection(ExtensibilityGlobals) = postSolution
		SolutionGuid = {AA13373E-A4E6-4489-A4D6-313481929444}
	EndGlobalSection
EndGlobal
