
Microsoft Visual Studio Solution File, Format Version 12.00
# Visual Studio Version 16
VisualStudioVersion = 16.0.31402.337
MinimumVisualStudioVersion = 10.0.40219.1
Project("{FAE04EC0-301F-11D3-BF4B-00C04F79EFBC}") = "FilterCNames", "FilterCNames.csproj", "{CA6132BA-5AD5-4472-8590-707F0CC64727}"
EndProject
Global
	GlobalSection(SolutionConfigurationPlatforms) = preSolution
		Debug|Any CPU = Debug|Any CPU
		Release|Any CPU = Release|Any CPU
	EndGlobalSection
	GlobalSection(ProjectConfigurationPlatforms) = postSolution
		{CA6132BA-5AD5-4472-8590-707F0CC64727}.Debug|Any CPU.ActiveCfg = Debug|Any CPU
		{CA6132BA-5AD5-4472-8590-707F0CC64727}.Debug|Any CPU.Build.0 = Debug|Any CPU
		{CA6132BA-5AD5-4472-8590-707F0CC64727}.Release|Any CPU.ActiveCfg = Release|Any CPU
		{CA6132BA-5AD5-4472-8590-707F0CC64727}.Release|Any CPU.Build.0 = Release|Any CPU
	EndGlobalSection
	GlobalSection(SolutionProperties) = preSolution
		HideSolutionNode = FALSE
	EndGlobalSection
	GlobalSection(ExtensibilityGlobals) = postSolution
		SolutionGuid = {6BA986E7-1611-4630-B387-92DFC29053D3}
	EndGlobalSection
EndGlobal
